
Microsoft Visual Studio Solution File, Format Version 12.00
# Visual Studio Version 17
VisualStudioVersion = 17.0.31903.59
MinimumVisualStudioVersion = 10.0.40219.1
Project("{2150E333-8FDC-42A3-9474-1A3956D46DE8}") = "src", "src", "{827E0CD3-B72D-47B6-A68D-7590B98EB39B}"
EndProject
Project("{FAE04EC0-301F-11D3-BF4B-00C04F79EFBC}") = "Gamestack.Core", "src\Gamestack.Core\Gamestack.Core.csproj", "{0776E416-E59C-4EBC-B3F8-49DC1DB03180}"
EndProject
Project("{FAE04EC0-301F-11D3-BF4B-00C04F79EFBC}") = "Gamestack.Platform", "src\Gamestack.Platform\Gamestack.Platform.csproj", "{71B2A3E9-6F89-46AC-A438-042C8EADE459}"
EndProject
Project("{FAE04EC0-301F-11D3-BF4B-00C04F79EFBC}") = "Gamestack.App", "src\Gamestack.App\Gamestack.App.csproj", "{4DCDC20A-AFE4-4DB8-9664-51E9A8DD4AA9}"
EndProject
Project("{2150E333-8FDC-42A3-9474-1A3956D46DE8}") = "tests", "tests", "{0AB3BF05-4346-4AA6-1389-037BE0695223}"
EndProject
Project("{FAE04EC0-301F-11D3-BF4B-00C04F79EFBC}") = "Gamestack.Tests", "tests\Gamestack.Tests\Gamestack.Tests.csproj", "{5092AD07-910F-4C9E-A1DF-5F4331FD8470}"
EndProject
Project("{FAE04EC0-301F-11D3-BF4B-00C04F79EFBC}") = "Gamestack.Storage.SyncedFolder", "src\Gamestack.Storage.SyncedFolder\Gamestack.Storage.SyncedFolder.csproj", "{65147880-59DA-4808-B867-4DC7F34633CD}"
EndProject
Project("{FAE04EC0-301F-11D3-BF4B-00C04F79EFBC}") = "Gamestack.Infrastructure", "src\Gamestack.Infrastructure\Gamestack.Infrastructure.csproj", "{314AAE71-B3B8-4D51-9BFF-FB959124F6A7}"
EndProject
Project("{FAE04EC0-301F-11D3-BF4B-00C04F79EFBC}") = "Gamestack.Mcp", "src\Gamestack.Mcp\Gamestack.Mcp.csproj", "{6BCA0D2C-37EB-47CF-B4A0-2024D29A54E1}"
EndProject
Global
	GlobalSection(SolutionConfigurationPlatforms) = preSolution
		Debug|Any CPU = Debug|Any CPU
		Debug|x64 = Debug|x64
		Debug|x86 = Debug|x86
		Release|Any CPU = Release|Any CPU
		Release|x64 = Release|x64
		Release|x86 = Release|x86
	EndGlobalSection
	GlobalSection(ProjectConfigurationPlatforms) = postSolution
		{0776E416-E59C-4EBC-B3F8-49DC1DB03180}.Debug|Any CPU.ActiveCfg = Debug|Any CPU
		{0776E416-E59C-4EBC-B3F8-49DC1DB03180}.Debug|Any CPU.Build.0 = Debug|Any CPU
		{0776E416-E59C-4EBC-B3F8-49DC1DB03180}.Debug|x64.ActiveCfg = Debug|Any CPU
		{0776E416-E59C-4EBC-B3F8-49DC1DB03180}.Debug|x64.Build.0 = Debug|Any CPU
		{0776E416-E59C-4EBC-B3F8-49DC1DB03180}.Debug|x86.ActiveCfg = Debug|Any CPU
		{0776E416-E59C-4EBC-B3F8-49DC1DB03180}.Debug|x86.Build.0 = Debug|Any CPU
		{0776E416-E59C-4EBC-B3F8-49DC1DB03180}.Release|Any CPU.ActiveCfg = Release|Any CPU
		{0776E416-E59C-4EBC-B3F8-49DC1DB03180}.Release|Any CPU.Build.0 = Release|Any CPU
		{0776E416-E59C-4EBC-B3F8-49DC1DB03180}.Release|x64.ActiveCfg = Release|Any CPU
		{0776E416-E59C-4EBC-B3F8-49DC1DB03180}.Release|x64.Build.0 = Release|Any CPU
		{0776E416-E59C-4EBC-B3F8-49DC1DB03180}.Release|x86.ActiveCfg = Release|Any CPU
		{0776E416-E59C-4EBC-B3F8-49DC1DB03180}.Release|x86.Build.0 = Release|Any CPU
		{71B2A3E9-6F89-46AC-A438-042C8EADE459}.Debug|Any CPU.ActiveCfg = Debug|Any CPU
		{71B2A3E9-6F89-46AC-A438-042C8EADE459}.Debug|Any CPU.Build.0 = Debug|Any CPU
		{71B2A3E9-6F89-46AC-A438-042C8EADE459}.Debug|x64.ActiveCfg = Debug|Any CPU
		{71B2A3E9-6F89-46AC-A438-042C8EADE459}.Debug|x64.Build.0 = Debug|Any CPU
		{71B2A3E9-6F89-46AC-A438-042C8EADE459}.Debug|x86.ActiveCfg = Debug|Any CPU
		{71B2A3E9-6F89-46AC-A438-042C8EADE459}.Debug|x86.Build.0 = Debug|Any CPU
		{71B2A3E9-6F89-46AC-A438-042C8EADE459}.Release|Any CPU.ActiveCfg = Release|Any CPU
		{71B2A3E9-6F89-46AC-A438-042C8EADE459}.Release|Any CPU.Build.0 = Release|Any CPU
		{71B2A3E9-6F89-46AC-A438-042C8EADE459}.Release|x64.ActiveCfg = Release|Any CPU
		{71B2A3E9-6F89-46AC-A438-042C8EADE459}.Release|x64.Build.0 = Release|Any CPU
		{71B2A3E9-6F89-46AC-A438-042C8EADE459}.Release|x86.ActiveCfg = Release|Any CPU
		{71B2A3E9-6F89-46AC-A438-042C8EADE459}.Release|x86.Build.0 = Release|Any CPU
		{4DCDC20A-AFE4-4DB8-9664-51E9A8DD4AA9}.Debug|Any CPU.ActiveCfg = Debug|Any CPU
		{4DCDC20A-AFE4-4DB8-9664-51E9A8DD4AA9}.Debug|Any CPU.Build.0 = Debug|Any CPU
		{4DCDC20A-AFE4-4DB8-9664-51E9A8DD4AA9}.Debug|x64.ActiveCfg = Debug|Any CPU
		{4DCDC20A-AFE4-4DB8-9664-51E9A8DD4AA9}.Debug|x64.Build.0 = Debug|Any CPU
		{4DCDC20A-AFE4-4DB8-9664-51E9A8DD4AA9}.Debug|x86.ActiveCfg = Debug|Any CPU
		{4DCDC20A-AFE4-4DB8-9664-51E9A8DD4AA9}.Debug|x86.Build.0 = Debug|Any CPU
		{4DCDC20A-AFE4-4DB8-9664-51E9A8DD4AA9}.Release|Any CPU.ActiveCfg = Release|Any CPU
		{4DCDC20A-AFE4-4DB8-9664-51E9A8DD4AA9}.Release|Any CPU.Build.0 = Release|Any CPU
		{4DCDC20A-AFE4-4DB8-9664-51E9A8DD4AA9}.Release|x64.ActiveCfg = Release|Any CPU
		{4DCDC20A-AFE4-4DB8-9664-51E9A8DD4AA9}.Release|x64.Build.0 = Release|Any CPU
		{4DCDC20A-AFE4-4DB8-9664-51E9A8DD4AA9}.Release|x86.ActiveCfg = Release|Any CPU
		{4DCDC20A-AFE4-4DB8-9664-51E9A8DD4AA9}.Release|x86.Build.0 = Release|Any CPU
		{5092AD07-910F-4C9E-A1DF-5F4331FD8470}.Debug|Any CPU.ActiveCfg = Debug|Any CPU
		{5092AD07-910F-4C9E-A1DF-5F4331FD8470}.Debug|Any CPU.Build.0 = Debug|Any CPU
		{5092AD07-910F-4C9E-A1DF-5F4331FD8470}.Debug|x64.ActiveCfg = Debug|Any CPU
		{5092AD07-910F-4C9E-A1DF-5F4331FD8470}.Debug|x64.Build.0 = Debug|Any CPU
		{5092AD07-910F-4C9E-A1DF-5F4331FD8470}.Debug|x86.ActiveCfg = Debug|Any CPU
		{5092AD07-910F-4C9E-A1DF-5F4331FD8470}.Debug|x86.Build.0 = Debug|Any CPU
		{5092AD07-910F-4C9E-A1DF-5F4331FD8470}.Release|Any CPU.ActiveCfg = Release|Any CPU
		{5092AD07-910F-4C9E-A1DF-5F4331FD8470}.Release|Any CPU.Build.0 = Release|Any CPU
		{5092AD07-910F-4C9E-A1DF-5F4331FD8470}.Release|x64.ActiveCfg = Release|Any CPU
		{5092AD07-910F-4C9E-A1DF-5F4331FD8470}.Release|x64.Build.0 = Release|Any CPU
		{5092AD07-910F-4C9E-A1DF-5F4331FD8470}.Release|x86.ActiveCfg = Release|Any CPU
		{5092AD07-910F-4C9E-A1DF-5F4331FD8470}.Release|x86.Build.0 = Release|Any CPU
		{65147880-59DA-4808-B867-4DC7F34633CD}.Debug|Any CPU.ActiveCfg = Debug|Any CPU
		{65147880-59DA-4808-B867-4DC7F34633CD}.Debug|Any CPU.Build.0 = Debug|Any CPU
		{65147880-59DA-4808-B867-4DC7F34633CD}.Debug|x64.ActiveCfg = Debug|Any CPU
		{65147880-59DA-4808-B867-4DC7F34633CD}.Debug|x64.Build.0 = Debug|Any CPU
		{65147880-59DA-4808-B867-4DC7F34633CD}.Debug|x86.ActiveCfg = Debug|Any CPU
		{65147880-59DA-4808-B867-4DC7F34633CD}.Debug|x86.Build.0 = Debug|Any CPU
		{65147880-59DA-4808-B867-4DC7F34633CD}.Release|Any CPU.ActiveCfg = Release|Any CPU
		{65147880-59DA-4808-B867-4DC7F34633CD}.Release|Any CPU.Build.0 = Release|Any CPU
		{65147880-59DA-4808-B867-4DC7F34633CD}.Release|x64.ActiveCfg = Release|Any CPU
		{65147880-59DA-4808-B867-4DC7F34633CD}.Release|x64.Build.0 = Release|Any CPU
		{65147880-59DA-4808-B867-4DC7F34633CD}.Release|x86.ActiveCfg = Release|Any CPU
		{65147880-59DA-4808-B867-4DC7F34633CD}.Release|x86.Build.0 = Release|Any CPU
		{314AAE71-B3B8-4D51-9BFF-FB959124F6A7}.Debug|Any CPU.ActiveCfg = Debug|Any CPU
		{314AAE71-B3B8-4D51-9BFF-FB959124F6A7}.Debug|Any CPU.Build.0 = Debug|Any CPU
		{314AAE71-B3B8-4D51-9BFF-FB959124F6A7}.Debug|x64.ActiveCfg = Debug|Any CPU
		{314AAE71-B3B8-4D51-9BFF-FB959124F6A7}.Debug|x64.Build.0 = Debug|Any CPU
		{314AAE71-B3B8-4D51-9BFF-FB959124F6A7}.Debug|x86.ActiveCfg = Debug|Any CPU
		{314AAE71-B3B8-4D51-9BFF-FB959124F6A7}.Debug|x86.Build.0 = Debug|Any CPU
		{314AAE71-B3B8-4D51-9BFF-FB959124F6A7}.Release|Any CPU.ActiveCfg = Release|Any CPU
		{314AAE71-B3B8-4D51-9BFF-FB959124F6A7}.Release|Any CPU.Build.0 = Release|Any CPU
		{314AAE71-B3B8-4D51-9BFF-FB959124F6A7}.Release|x64.ActiveCfg = Release|Any CPU
		{314AAE71-B3B8-4D51-9BFF-FB959124F6A7}.Release|x64.Build.0 = Release|Any CPU
		{314AAE71-B3B8-4D51-9BFF-FB959124F6A7}.Release|x86.ActiveCfg = Release|Any CPU
		{314AAE71-B3B8-4D51-9BFF-FB959124F6A7}.Release|x86.Build.0 = Release|Any CPU
		{6BCA0D2C-37EB-47CF-B4A0-2024D29A54E1}.Debug|Any CPU.ActiveCfg = Debug|Any CPU
		{6BCA0D2C-37EB-47CF-B4A0-2024D29A54E1}.Debug|Any CPU.Build.0 = Debug|Any CPU
		{6BCA0D2C-37EB-47CF-B4A0-2024D29A54E1}.Debug|x64.ActiveCfg = Debug|Any CPU
		{6BCA0D2C-37EB-47CF-B4A0-2024D29A54E1}.Debug|x64.Build.0 = Debug|Any CPU
		{6BCA0D2C-37EB-47CF-B4A0-2024D29A54E1}.Debug|x86.ActiveCfg = Debug|Any CPU
		{6BCA0D2C-37EB-47CF-B4A0-2024D29A54E1}.Debug|x86.Build.0 = Debug|Any CPU
		{6BCA0D2C-37EB-47CF-B4A0-2024D29A54E1}.Release|Any CPU.ActiveCfg = Release|Any CPU
		{6BCA0D2C-37EB-47CF-B4A0-2024D29A54E1}.Release|Any CPU.Build.0 = Release|Any CPU
		{6BCA0D2C-37EB-47CF-B4A0-2024D29A54E1}.Release|x64.ActiveCfg = Release|Any CPU
		{6BCA0D2C-37EB-47CF-B4A0-2024D29A54E1}.Release|x64.Build.0 = Release|Any CPU
		{6BCA0D2C-37EB-47CF-B4A0-2024D29A54E1}.Release|x86.ActiveCfg = Release|Any CPU
		{6BCA0D2C-37EB-47CF-B4A0-2024D29A54E1}.Release|x86.Build.0 = Release|Any CPU
	EndGlobalSection
	GlobalSection(SolutionProperties) = preSolution
		HideSolutionNode = FALSE
	EndGlobalSection
	GlobalSection(NestedProjects) = preSolution
		{0776E416-E59C-4EBC-B3F8-49DC1DB03180} = {827E0CD3-B72D-47B6-A68D-7590B98EB39B}
		{71B2A3E9-6F89-46AC-A438-042C8EADE459} = {827E0CD3-B72D-47B6-A68D-7590B98EB39B}
		{4DCDC20A-AFE4-4DB8-9664-51E9A8DD4AA9} = {827E0CD3-B72D-47B6-A68D-7590B98EB39B}
		{5092AD07-910F-4C9E-A1DF-5F4331FD8470} = {0AB3BF05-4346-4AA6-1389-037BE0695223}
		{65147880-59DA-4808-B867-4DC7F34633CD} = {827E0CD3-B72D-47B6-A68D-7590B98EB39B}
		{314AAE71-B3B8-4D51-9BFF-FB959124F6A7} = {827E0CD3-B72D-47B6-A68D-7590B98EB39B}
		{6BCA0D2C-37EB-47CF-B4A0-2024D29A54E1} = {827E0CD3-B72D-47B6-A68D-7590B98EB39B}
	EndGlobalSection
EndGlobal
